
Microsoft Visual Studio Solution File, Format Version 12.00
# Visual Studio Version 17
VisualStudioVersion = 17.3.32804.467
MinimumVisualStudioVersion = 10.0.40219.1
Project("{9A19103F-16F7-4668-BE54-9A1E7A4F7556}") = "Ejercicio01", "TrabajoPractico02\Ejercicio01.csproj", "{5464DF61-79BC-4B8B-AC94-A024F29FB519}"
EndProject
Project("{9A19103F-16F7-4668-BE54-9A1E7A4F7556}") = "ClasesEj01", "ClasesEj01\ClasesEj01.csproj", "{E33FB05D-497C-43EB-B094-D121186B1223}"
EndProject
Project("{9A19103F-16F7-4668-BE54-9A1E7A4F7556}") = "ClasesEj01.test", "ClasesEj01.test\ClasesEj01.test.csproj", "{BB0228EE-1366-427C-995E-D9D82F902870}"
EndProject
Project("{FAE04EC0-301F-11D3-BF4B-00C04F79EFBC}") = "Ejercicio02", "Ejercicio02\Ejercicio02.csproj", "{DADFABF4-4645-4B55-80C2-96595D1FFEA6}"
EndProject
Global
	GlobalSection(SolutionConfigurationPlatforms) = preSolution
		Debug|Any CPU = Debug|Any CPU
		Release|Any CPU = Release|Any CPU
	EndGlobalSection
	GlobalSection(ProjectConfigurationPlatforms) = postSolution
		{5464DF61-79BC-4B8B-AC94-A024F29FB519}.Debug|Any CPU.ActiveCfg = Debug|Any CPU
		{5464DF61-79BC-4B8B-AC94-A024F29FB519}.Debug|Any CPU.Build.0 = Debug|Any CPU
		{5464DF61-79BC-4B8B-AC94-A024F29FB519}.Release|Any CPU.ActiveCfg = Release|Any CPU
		{5464DF61-79BC-4B8B-AC94-A024F29FB519}.Release|Any CPU.Build.0 = Release|Any CPU
		{E33FB05D-497C-43EB-B094-D121186B1223}.Debug|Any CPU.ActiveCfg = Debug|Any CPU
		{E33FB05D-497C-43EB-B094-D121186B1223}.Debug|Any CPU.Build.0 = Debug|Any CPU
		{E33FB05D-497C-43EB-B094-D121186B1223}.Release|Any CPU.ActiveCfg = Release|Any CPU
		{E33FB05D-497C-43EB-B094-D121186B1223}.Release|Any CPU.Build.0 = Release|Any CPU
		{BB0228EE-1366-427C-995E-D9D82F902870}.Debug|Any CPU.ActiveCfg = Debug|Any CPU
		{BB0228EE-1366-427C-995E-D9D82F902870}.Debug|Any CPU.Build.0 = Debug|Any CPU
		{BB0228EE-1366-427C-995E-D9D82F902870}.Release|Any CPU.ActiveCfg = Release|Any CPU
		{BB0228EE-1366-427C-995E-D9D82F902870}.Release|Any CPU.Build.0 = Release|Any CPU
		{DADFABF4-4645-4B55-80C2-96595D1FFEA6}.Debug|Any CPU.ActiveCfg = Debug|Any CPU
		{DADFABF4-4645-4B55-80C2-96595D1FFEA6}.Debug|Any CPU.Build.0 = Debug|Any CPU
		{DADFABF4-4645-4B55-80C2-96595D1FFEA6}.Release|Any CPU.ActiveCfg = Release|Any CPU
		{DADFABF4-4645-4B55-80C2-96595D1FFEA6}.Release|Any CPU.Build.0 = Release|Any CPU
	EndGlobalSection
	GlobalSection(SolutionProperties) = preSolution
		HideSolutionNode = FALSE
	EndGlobalSection
	GlobalSection(ExtensibilityGlobals) = postSolution
		SolutionGuid = {DBB805E6-323A-4564-A280-08ECC151B193}
	EndGlobalSection
EndGlobal
